{
  "name": "crisis minds",
  "lockfileVersion": 3,
  "requires": true,
  "packages": {
    "": {
      "devDependencies": {
        "@types/xlsx": "^0.0.35"
      }
    },
    "node_modules/@types/xlsx": {
      "version": "0.0.35",
      "resolved": "https://registry.npmjs.org/@types/xlsx/-/xlsx-0.0.35.tgz",
      "integrity": "sha512-s0x3DYHZzOkxtjqOk/Nv1ezGzpbN7I8WX+lzlV/nFfTDOv7x4d8ZwGHcnaiB8UCx89omPsftQhS5II3jeWePxQ==",
      "dev": true,
      "license": "MIT"
    }
  }
}
